
Microsoft Visual Studio Solution File, Format Version 12.00
Project("{FAE04EC0-301F-11D3-BF4B-00C04F79EFBC}") = "Enviro365Assessment_Grad_DOTNET_version", "Enviro365Assessment_Grad_DOTNET_version\Enviro365Assessment_Grad_DOTNET_version.csproj", "{6A549800-91E0-476A-BBC9-E382591EA73E}"
EndProject
Global
	GlobalSection(SolutionConfigurationPlatforms) = preSolution
		Debug|Any CPU = Debug|Any CPU
		Release|Any CPU = Release|Any CPU
	EndGlobalSection
	GlobalSection(ProjectConfigurationPlatforms) = postSolution
		{6A549800-91E0-476A-BBC9-E382591EA73E}.Debug|Any CPU.ActiveCfg = Debug|Any CPU
		{6A549800-91E0-476A-BBC9-E382591EA73E}.Debug|Any CPU.Build.0 = Debug|Any CPU
		{6A549800-91E0-476A-BBC9-E382591EA73E}.Release|Any CPU.ActiveCfg = Release|Any CPU
		{6A549800-91E0-476A-BBC9-E382591EA73E}.Release|Any CPU.Build.0 = Release|Any CPU
	EndGlobalSection
EndGlobal
